// !$*UTF8*$!
{
	archiveVersion = 1;
	classes = {
	};
	objectVersion = 77;
	objects = {

/* Begin PBXBuildFile section */
		563301172F4AD850005CA761 /* Auth in Frameworks */ = {isa = PBXBuildFile; productRef = 563301162F4AD850005CA761 /* Auth */; };
		563301192F4AD850005CA761 /* Functions in Frameworks */ = {isa = PBXBuildFile; productRef = 563301182F4AD850005CA761 /* Functions */; };
		5633011B2F4AD850005CA761 /* PostgREST in Frameworks */ = {isa = PBXBuildFile; productRef = 5633011A2F4AD850005CA761 /* PostgREST */; };
		5633011D2F4AD850005CA761 /* Realtime in Frameworks */ = {isa = PBXBuildFile; productRef = 5633011C2F4AD850005CA761 /* Realtime */; };
		5633011F2F4AD850005CA761 /* Storage in Frameworks */ = {isa = PBXBuildFile; productRef = 5633011E2F4AD850005CA761 /* Storage */; };
		563301212F4AD850005CA761 /* Supabase in Frameworks */ = {isa = PBXBuildFile; productRef = 563301202F4AD850005CA761 /* Supabase */; };
		563CB32E2F52783500AD7DE6 /* Store.storekit in Resources */ = {isa = PBXBuildFile; fileRef = 563CB32D2F52783500AD7DE6 /* Store.storekit */; };
		563CB32F2F52783500AD7DE6 /* Store.storekit in Resources */ = {isa = PBXBuildFile; fileRef = 563CB32D2F52783500AD7DE6 /* Store.storekit */; };
		563CB3302F52783500AD7DE6 /* Store.storekit in Resources */ = {isa = PBXBuildFile; fileRef = 563CB32D2F52783500AD7DE6 /* Store.storekit */; };
		563CB3382F54A59500AD7DE6 /* GoogleSignIn in Frameworks */ = {isa = PBXBuildFile; productRef = 563CB3372F54A59500AD7DE6 /* GoogleSignIn */; };
		563CB33A2F54A59500AD7DE6 /* GoogleSignInSwift in Frameworks */ = {isa = PBXBuildFile; productRef = 563CB3392F54A59500AD7DE6 /* GoogleSignInSwift */; };
/* End PBXBuildFile section */

/* Begin PBXContainerItemProxy section */
		563300F92F4AD79F005CA761 /* PBXContainerItemProxy */ = {
			isa = PBXContainerItemProxy;
			containerPortal = 563300E32F4AD79E005CA761 /* Project object */;
			proxyType = 1;
			remoteGlobalIDString = 563300EA2F4AD79F005CA761;
			remoteInfo = Last1;
		};
		563301032F4AD79F005CA761 /* PBXContainerItemProxy */ = {
			isa = PBXContainerItemProxy;
			containerPortal = 563300E32F4AD79E005CA761 /* Project object */;
			proxyType = 1;
			remoteGlobalIDString = 563300EA2F4AD79F005CA761;
			remoteInfo = Last1;
		};
/* End PBXContainerItemProxy section */

/* Begin PBXFileReference section */
		563300EB2F4AD79F005CA761 /* Last1.app */ = {isa = PBXFileReference; explicitFileType = wrapper.application; includeInIndex = 0; path = Last1.app; sourceTree = BUILT_PRODUCTS_DIR; };
		563300F82F4AD79F005CA761 /* Last1Tests.xctest */ = {isa = PBXFileReference; explicitFileType = wrapper.cfbundle; includeInIndex = 0; path = Last1Tests.xctest; sourceTree = BUILT_PRODUCTS_DIR; };
		563301022F4AD79F005CA761 /* Last1UITests.xctest */ = {isa = PBXFileReference; explicitFileType = wrapper.cfbundle; includeInIndex = 0; path = Last1UITests.xctest; sourceTree = BUILT_PRODUCTS_DIR; };
		563CB32D2F52783500AD7DE6 /* Store.storekit */ = {isa = PBXFileReference; lastKnownFileType = text; path = Store.storekit; sourceTree = "<group>"; };
/* End PBXFileReference section */

/* Begin PBXFileSystemSynchronizedBuildFileExceptionSet section */
		563301222F4AD851005CA761 /* Exceptions for "Last1" folder in "Last1" target */ = {
			isa = PBXFileSystemSynchronizedBuildFileExceptionSet;
			membershipExceptions = (
				Info.plist,
			);
			target = 563300EA2F4AD79F005CA761 /* Last1 */;
		};
/* End PBXFileSystemSynchronizedBuildFileExceptionSet section */

/* Begin PBXFileSystemSynchronizedRootGroup section */
		563300ED2F4AD79F005CA761 /* Last1 */ = {
			isa = PBXFileSystemSynchronizedRootGroup;
			exceptions = (
				563301222F4AD851005CA761 /* Exceptions for "Last1" folder in "Last1" target */,
			);
			path = Last1;
			sourceTree = "<group>";
		};
		563300FB2F4AD79F005CA761 /* Last1Tests */ = {
			isa = PBXFileSystemSynchronizedRootGroup;
			path = Last1Tests;
			sourceTree = "<group>";
		};
		563301052F4AD79F005CA761 /* Last1UITests */ = {
			isa = PBXFileSystemSynchronizedRootGroup;
			path = Last1UITests;
			sourceTree = "<group>";
		};
/* End PBXFileSystemSynchronizedRootGroup section */

/* Begin PBXFrameworksBuildPhase section */
		563300E82F4AD79F005CA761 /* Frameworks */ = {
			isa = PBXFrameworksBuildPhase;
			buildActionMask = 2147483647;
			files = (
				5633011B2F4AD850005CA761 /* PostgREST in Frameworks */,
				563301192F4AD850005CA761 /* Functions in Frameworks */,
				563301212F4AD850005CA761 /* Supabase in Frameworks */,
				563CB33A2F54A59500AD7DE6 /* GoogleSignInSwift in Frameworks */,
				563301172F4AD850005CA761 /* Auth in Frameworks */,
				5633011F2F4AD850005CA761 /* Storage in Frameworks */,
				5633011D2F4AD850005CA761 /* Realtime in Frameworks */,
				563CB3382F54A59500AD7DE6 /* GoogleSignIn in Frameworks */,
			);
			runOnlyForDeploymentPostprocessing = 0;
		};
		563300F52F4AD79F005CA761 /* Frameworks */ = {
			isa = PBXFrameworksBuildPhase;
			buildActionMask = 2147483647;
			files = (
			);
			runOnlyForDeploymentPostprocessing = 0;
		};
		563300FF2F4AD79F005CA761 /* Frameworks */ = {
			isa = PBXFrameworksBuildPhase;
			buildActionMask = 2147483647;
			files = (
			);
			runOnlyForDeploymentPostprocessing = 0;
		};
/* End PBXFrameworksBuildPhase section */

/* Begin PBXGroup section */
		563300E22F4AD79E005CA761 = {
			isa = PBXGroup;
			children = (
				563CB32D2F52783500AD7DE6 /* Store.storekit */,
				563300ED2F4AD79F005CA761 /* Last1 */,
				563300FB2F4AD79F005CA761 /* Last1Tests */,
				563301052F4AD79F005CA761 /* Last1UITests */,
				563300EC2F4AD79F005CA761 /* Products */,
			);
			sourceTree = "<group>";
		};
		563300EC2F4AD79F005CA761 /* Products */ = {
			isa = PBXGroup;
			children = (
				563300EB2F4AD79F005CA761 /* Last1.app */,
				563300F82F4AD79F005CA761 /* Last1Tests.xctest */,
				563301022F4AD79F005CA761 /* Last1UITests.xctest */,
			);
			name = Products;
			sourceTree = "<group>";
		};
/* End PBXGroup section */

/* Begin PBXNativeTarget section */
		563300EA2F4AD79F005CA761 /* Last1 */ = {
			isa = PBXNativeTarget;
			buildConfigurationList = 5633010C2F4AD79F005CA761 /* Build configuration list for PBXNativeTarget "Last1" */;
			buildPhases = (
				563300E72F4AD79F005CA761 /* Sources */,
				563300E82F4AD79F005CA761 /* Frameworks */,
				563300E92F4AD79F005CA761 /* Resources */,
			);
			buildRules = (
			);
			dependencies = (
			);
			fileSystemSynchronizedGroups = (
				563300ED2F4AD79F005CA761 /* Last1 */,
			);
			name = Last1;
			packageProductDependencies = (
				563301162F4AD850005CA761 /* Auth */,
				563301182F4AD850005CA761 /* Functions */,
				5633011A2F4AD850005CA761 /* PostgREST */,
				5633011C2F4AD850005CA761 /* Realtime */,
				5633011E2F4AD850005CA761 /* Storage */,
				563301202F4AD850005CA761 /* Supabase */,
				563CB3372F54A59500AD7DE6 /* GoogleSignIn */,
				563CB3392F54A59500AD7DE6 /* GoogleSignInSwift */,
			);
			productName = Last1;
			productReference = 563300EB2F4AD79F005CA761 /* Last1.app */;
			productType = "com.apple.product-type.application";
		};
		563300F72F4AD79F005CA761 /* Last1Tests */ = {
			isa = PBXNativeTarget;
			buildConfigurationList = 5633010F2F4AD79F005CA761 /* Build configuration list for PBXNativeTarget "Last1Tests" */;
			buildPhases = (
				563300F42F4AD79F005CA761 /* Sources */,
				563300F52F4AD79F005CA761 /* Frameworks */,
				563300F62F4AD79F005CA761 /* Resources */,
			);
			buildRules = (
			);
			dependencies = (
				563300FA2F4AD79F005CA761 /* PBXTargetDependency */,
			);
			fileSystemSynchronizedGroups = (
				563300FB2F4AD79F005CA761 /* Last1Tests */,
			);
			name = Last1Tests;
			packageProductDependencies = (
			);
			productName = Last1Tests;
			productReference = 563300F82F4AD79F005CA761 /* Last1Tests.xctest */;
			productType = "com.apple.product-type.bundle.unit-test";
		};
		563301012F4AD79F005CA761 /* Last1UITests */ = {
			isa = PBXNativeTarget;
			buildConfigurationList = 563301122F4AD79F005CA761 /* Build configuration list for PBXNativeTarget "Last1UITests" */;
			buildPhases = (
				563300FE2F4AD79F005CA761 /* Sources */,
				563300FF2F4AD79F005CA761 /* Frameworks */,
				563301002F4AD79F005CA761 /* Resources */,
			);
			buildRules = (
			);
			dependencies = (
				563301042F4AD79F005CA761 /* PBXTargetDependency */,
			);
			fileSystemSynchronizedGroups = (
				563301052F4AD79F005CA761 /* Last1UITests */,
			);
			name = Last1UITests;
			packageProductDependencies = (
			);
			productName = Last1UITests;
			productReference = 563301022F4AD79F005CA761 /* Last1UITests.xctest */;
			productType = "com.apple.product-type.bundle.ui-testing";
		};
/* End PBXNativeTarget section */

/* Begin PBXProject section */
		563300E32F4AD79E005CA761 /* Project object */ = {
			isa = PBXProject;
			attributes = {
				BuildIndependentTargetsInParallel = 1;
				LastSwiftUpdateCheck = 2620;
				LastUpgradeCheck = 2620;
				TargetAttributes = {
					563300EA2F4AD79F005CA761 = {
						CreatedOnToolsVersion = 26.2;
					};
					563300F72F4AD79F005CA761 = {
						CreatedOnToolsVersion = 26.2;
						TestTargetID = 563300EA2F4AD79F005CA761;
					};
					563301012F4AD79F005CA761 = {
						CreatedOnToolsVersion = 26.2;
						TestTargetID = 563300EA2F4AD79F005CA761;
					};
				};
			};
			buildConfigurationList = 563300E62F4AD79E005CA761 /* Build configuration list for PBXProject "Last1" */;
			developmentRegion = en;
			hasScannedForEncodings = 0;
			knownRegions = (
				en,
				Base,
			);
			mainGroup = 563300E22F4AD79E005CA761;
			minimizedProjectReferenceProxies = 1;
			packageReferences = (
				563301152F4AD850005CA761 /* XCRemoteSwiftPackageReference "supabase-swift" */,
				563CB3362F54A59500AD7DE6 /* XCRemoteSwiftPackageReference "GoogleSignIn-iOS" */,
			);
			preferredProjectObjectVersion = 77;
			productRefGroup = 563300EC2F4AD79F005CA761 /* Products */;
			projectDirPath = "";
			projectRoot = "";
			targets = (
				563300EA2F4AD79F005CA761 /* Last1 */,
				563300F72F4AD79F005CA761 /* Last1Tests */,
				563301012F4AD79F005CA761 /* Last1UITests */,
			);
		};
/* End PBXProject section */

/* Begin PBXResourcesBuildPhase section */
		563300E92F4AD79F005CA761 /* Resources */ = {
			isa = PBXResourcesBuildPhase;
			buildActionMask = 2147483647;
			files = (
				563CB32E2F52783500AD7DE6 /* Store.storekit in Resources */,
			);
			runOnlyForDeploymentPostprocessing = 0;
		};
		563300F62F4AD79F005CA761 /* Resources */ = {
			isa = PBXResourcesBuildPhase;
			buildActionMask = 2147483647;
			files = (
				563CB32F2F52783500AD7DE6 /* Store.storekit in Resources */,
			);
			runOnlyForDeploymentPostprocessing = 0;
		};
		563301002F4AD79F005CA761 /* Resources */ = {
			isa = PBXResourcesBuildPhase;
			buildActionMask = 2147483647;
			files = (
				563CB3302F52783500AD7DE6 /* Store.storekit in Resources */,
			);
			runOnlyForDeploymentPostprocessing = 0;
		};
/* End PBXResourcesBuildPhase section */

/* Begin PBXSourcesBuildPhase section */
		563300E72F4AD79F005CA761 /* Sources */ = {
			isa = PBXSourcesBuildPhase;
			buildActionMask = 2147483647;
			files = (
			);
			runOnlyForDeploymentPostprocessing = 0;
		};
		563300F42F4AD79F005CA761 /* Sources */ = {
			isa = PBXSourcesBuildPhase;
			buildActionMask = 2147483647;
			files = (
			);
			runOnlyForDeploymentPostprocessing = 0;
		};
		563300FE2F4AD79F005CA761 /* Sources */ = {
			isa = PBXSourcesBuildPhase;
			buildActionMask = 2147483647;
			files = (
			);
			runOnlyForDeploymentPostprocessing = 0;
		};
/* End PBXSourcesBuildPhase section */

/* Begin PBXTargetDependency section */
		563300FA2F4AD79F005CA761 /* PBXTargetDependency */ = {
			isa = PBXTargetDependency;
			target = 563300EA2F4AD79F005CA761 /* Last1 */;
			targetProxy = 563300F92F4AD79F005CA761 /* PBXContainerItemProxy */;
		};
		563301042F4AD79F005CA761 /* PBXTargetDependency */ = {
			isa = PBXTargetDependency;
			target = 563300EA2F4AD79F005CA761 /* Last1 */;
			targetProxy = 563301032F4AD79F005CA761 /* PBXContainerItemProxy */;
		};
/* End PBXTargetDependency section */

/* Begin XCBuildConfiguration section */
		5633010A2F4AD79F005CA761 /* Debug */ = {
			isa = XCBuildConfiguration;
			buildSettings = {
				ALWAYS_SEARCH_USER_PATHS = NO;
				ASSETCATALOG_COMPILER_GENERATE_SWIFT_ASSET_SYMBOL_EXTENSIONS = YES;
				CLANG_ANALYZER_NONNULL = YES;
				CLANG_ANALYZER_NUMBER_OBJECT_CONVERSION = YES_AGGRESSIVE;
				CLANG_CXX_LANGUAGE_STANDARD = "gnu++20";
				CLANG_ENABLE_MODULES = YES;
				CLANG_ENABLE_OBJC_ARC = YES;
				CLANG_ENABLE_OBJC_WEAK = YES;
				CLANG_WARN_BLOCK_CAPTURE_AUTORELEASING = YES;
				CLANG_WARN_BOOL_CONVERSION = YES;
				CLANG_WARN_COMMA = YES;
				CLANG_WARN_CONSTANT_CONVERSION = YES;
				CLANG_WARN_DEPRECATED_OBJC_IMPLEMENTATIONS = YES;
				CLANG_WARN_DIRECT_OBJC_ISA_USAGE = YES_ERROR;
				CLANG_WARN_DOCUMENTATION_COMMENTS = YES;
				CLANG_WARN_EMPTY_BODY = YES;
				CLANG_WARN_ENUM_CONVERSION = YES;
				CLANG_WARN_INFINITE_RECURSION = YES;
				CLANG_WARN_INT_CONVERSION = YES;
				CLANG_WARN_NON_LITERAL_NULL_CONVERSION = YES;
				CLANG_WARN_OBJC_IMPLICIT_RETAIN_SELF = YES;
				CLANG_WARN_OBJC_LITERAL_CONVERSION = YES;
				CLANG_WARN_OBJC_ROOT_CLASS = YES_ERROR;
				CLANG_WARN_QUOTED_INCLUDE_IN_FRAMEWORK_HEADER = YES;
				CLANG_WARN_RANGE_LOOP_ANALYSIS = YES;
				CLANG_WARN_STRICT_PROTOTYPES = YES;
				CLANG_WARN_SUSPICIOUS_MOVE = YES;
				CLANG_WARN_UNGUARDED_AVAILABILITY = YES_AGGRESSIVE;
				CLANG_WARN_UNREACHABLE_CODE = YES;
				CLANG_WARN__DUPLICATE_METHOD_MATCH = YES;
				COPY_PHASE_STRIP = NO;
				DEBUG_INFORMATION_FORMAT = dwarf;
				DEVELOPMENT_TEAM = YVURVV3DWV;
				ENABLE_STRICT_OBJC_MSGSEND = YES;
				ENABLE_TESTABILITY = YES;
				ENABLE_USER_SCRIPT_SANDBOXING = YES;
				GCC_C_LANGUAGE_STANDARD = gnu17;
				GCC_DYNAMIC_NO_PIC = NO;
				GCC_NO_COMMON_BLOCKS = YES;
				GCC_OPTIMIZATION_LEVEL = 0;
				GCC_PREPROCESSOR_DEFINITIONS = (
					"DEBUG=1",
					"$(inherited)",
				);
				GCC_WARN_64_TO_32_BIT_CONVERSION = YES;
				GCC_WARN_ABOUT_RETURN_TYPE = YES_ERROR;
				GCC_WARN_UNDECLARED_SELECTOR = YES;
				GCC_WARN_UNINITIALIZED_AUTOS = YES_AGGRESSIVE;
				GCC_WARN_UNUSED_FUNCTION = YES;
				GCC_WARN_UNUSED_VARIABLE = YES;
				IPHONEOS_DEPLOYMENT_TARGET = 26.2;
				LOCALIZATION_PREFERS_STRING_CATALOGS = YES;
				MTL_ENABLE_DEBUG_INFO = INCLUDE_SOURCE;
				MTL_FAST_MATH = YES;
				ONLY_ACTIVE_ARCH = YES;
				SDKROOT = iphoneos;
				SWIFT_ACTIVE_COMPILATION_CONDITIONS = "DEBUG $(inherited)";
				SWIFT_OPTIMIZATION_LEVEL = "-Onone";
			};
			name = Debug;
		};
		5633010B2F4AD79F005CA761 /* Release */ = {
			isa = XCBuildConfiguration;
			buildSettings = {
				ALWAYS_SEARCH_USER_PATHS = NO;
				ASSETCATALOG_COMPILER_GENERATE_SWIFT_ASSET_SYMBOL_EXTENSIONS = YES;
				CLANG_ANALYZER_NONNULL = YES;
				CLANG_ANALYZER_NUMBER_OBJECT_CONVERSION = YES_AGGRESSIVE;
				CLANG_CXX_LANGUAGE_STANDARD = "gnu++20";
				CLANG_ENABLE_MODULES = YES;
				CLANG_ENABLE_OBJC_ARC = YES;
				CLANG_ENABLE_OBJC_WEAK = YES;
				CLANG_WARN_BLOCK_CAPTURE_AUTORELEASING = YES;
				CLANG_WARN_BOOL_CONVERSION = YES;
				CLANG_WARN_COMMA = YES;
				CLANG_WARN_CONSTANT_CONVERSION = YES;
				CLANG_WARN_DEPRECATED_OBJC_IMPLEMENTATIONS = YES;
				CLANG_WARN_DIRECT_OBJC_ISA_USAGE = YES_ERROR;
				CLANG_WARN_DOCUMENTATION_COMMENTS = YES;
				CLANG_WARN_EMPTY_BODY = YES;
				CLANG_WARN_ENUM_CONVERSION = YES;
				CLANG_WARN_INFINITE_RECURSION = YES;
				CLANG_WARN_INT_CONVERSION = YES;
				CLANG_WARN_NON_LITERAL_NULL_CONVERSION = YES;
				CLANG_WARN_OBJC_IMPLICIT_RETAIN_SELF = YES;
				CLANG_WARN_OBJC_LITERAL_CONVERSION = YES;
				CLANG_WARN_OBJC_ROOT_CLASS = YES_ERROR;
				CLANG_WARN_QUOTED_INCLUDE_IN_FRAMEWORK_HEADER = YES;
				CLANG_WARN_RANGE_LOOP_ANALYSIS = YES;
				CLANG_WARN_STRICT_PROTOTYPES = YES;
				CLANG_WARN_SUSPICIOUS_MOVE = YES;
				CLANG_WARN_UNGUARDED_AVAILABILITY = YES_AGGRESSIVE;
				CLANG_WARN_UNREACHABLE_CODE = YES;
				CLANG_WARN__DUPLICATE_METHOD_MATCH = YES;
				COPY_PHASE_STRIP = NO;
				DEBUG_INFORMATION_FORMAT = "dwarf-with-dsym";
				DEVELOPMENT_TEAM = YVURVV3DWV;
				ENABLE_NS_ASSERTIONS = NO;
				ENABLE_STRICT_OBJC_MSGSEND = YES;
				ENABLE_USER_SCRIPT_SANDBOXING = YES;
				GCC_C_LANGUAGE_STANDARD = gnu17;
				GCC_NO_COMMON_BLOCKS = YES;
				GCC_WARN_64_TO_32_BIT_CONVERSION = YES;
				GCC_WARN_ABOUT_RETURN_TYPE = YES_ERROR;
				GCC_WARN_UNDECLARED_SELECTOR = YES;
				GCC_WARN_UNINITIALIZED_AUTOS = YES_AGGRESSIVE;
				GCC_WARN_UNUSED_FUNCTION = YES;
				GCC_WARN_UNUSED_VARIABLE = YES;
				IPHONEOS_DEPLOYMENT_TARGET = 26.2;
				LOCALIZATION_PREFERS_STRING_CATALOGS = YES;
				MTL_ENABLE_DEBUG_INFO = NO;
				MTL_FAST_MATH = YES;
				SDKROOT = iphoneos;
				SWIFT_COMPILATION_MODE = wholemodule;
				VALIDATE_PRODUCT = YES;
			};
			name = Release;
		};
		5633010D2F4AD79F005CA761 /* Debug */ = {
			isa = XCBuildConfiguration;
			buildSettings = {
				ASSETCATALOG_COMPILER_APPICON_NAME = AppIcon;
				ASSETCATALOG_COMPILER_GLOBAL_ACCENT_COLOR_NAME = AccentColor;
				CODE_SIGN_ENTITLEMENTS = Last1/Last1.entitlements;
				CODE_SIGN_STYLE = Automatic;
				CURRENT_PROJECT_VERSION = 1;
				DEVELOPMENT_TEAM = YVURVV3DWV;
				ENABLE_PREVIEWS = YES;
				GENERATE_INFOPLIST_FILE = YES;
				INFOPLIST_FILE = Last1/Info.plist;
				INFOPLIST_KEY_UIApplicationSceneManifest_Generation = YES;
				INFOPLIST_KEY_UIApplicationSupportsIndirectInputEvents = YES;
				INFOPLIST_KEY_UILaunchScreen_Generation = YES;
				INFOPLIST_KEY_UISupportedInterfaceOrientations_iPad = "UIInterfaceOrientationPortrait UIInterfaceOrientationPortraitUpsideDown UIInterfaceOrientationLandscapeLeft UIInterfaceOrientationLandscapeRight";
				INFOPLIST_KEY_UISupportedInterfaceOrientations_iPhone = "UIInterfaceOrientationPortrait UIInterfaceOrientationLandscapeLeft UIInterfaceOrientationLandscapeRight";
				LD_RUNPATH_SEARCH_PATHS = (
					"$(inherited)",
					"@executable_path/Frameworks",
				);
				MARKETING_VERSION = 1.0;
				PRODUCT_BUNDLE_IDENTIFIER = salmoneye.Last1;
				PRODUCT_NAME = "$(TARGET_NAME)";
				STRING_CATALOG_GENERATE_SYMBOLS = YES;
				SWIFT_APPROACHABLE_CONCURRENCY = YES;
				SWIFT_DEFAULT_ACTOR_ISOLATION = MainActor;
				SWIFT_EMIT_LOC_STRINGS = YES;
				SWIFT_UPCOMING_FEATURE_MEMBER_IMPORT_VISIBILITY = YES;
				SWIFT_VERSION = 5.0;
				TARGETED_DEVICE_FAMILY = "1,2";
			};
			name = Debug;
		};
		5633010E2F4AD79F005CA761 /* Release */ = {
			isa = XCBuildConfiguration;
			buildSettings = {
				ASSETCATALOG_COMPILER_APPICON_NAME = AppIcon;
				ASSETCATALOG_COMPILER_GLOBAL_ACCENT_COLOR_NAME = AccentColor;
				CODE_SIGN_ENTITLEMENTS = Last1/Last1.entitlements;
				CODE_SIGN_STYLE = Automatic;
				CURRENT_PROJECT_VERSION = 1;
				DEVELOPMENT_TEAM = YVURVV3DWV;
				ENABLE_PREVIEWS = YES;
				GENERATE_INFOPLIST_FILE = YES;
				INFOPLIST_FILE = Last1/Info.plist;
				INFOPLIST_KEY_UIApplicationSceneManifest_Generation = YES;
				INFOPLIST_KEY_UIApplicationSupportsIndirectInputEvents = YES;
				INFOPLIST_KEY_UILaunchScreen_Generation = YES;
				INFOPLIST_KEY_UISupportedInterfaceOrientations_iPad = "UIInterfaceOrientationPortrait UIInterfaceOrientationPortraitUpsideDown UIInterfaceOrientationLandscapeLeft UIInterfaceOrientationLandscapeRight";
				INFOPLIST_KEY_UISupportedInterfaceOrientations_iPhone = "UIInterfaceOrientationPortrait UIInterfaceOrientationLandscapeLeft UIInterfaceOrientationLandscapeRight";
				LD_RUNPATH_SEARCH_PATHS = (
					"$(inherited)",
					"@executable_path/Frameworks",
				);
				MARKETING_VERSION = 1.0;
				PRODUCT_BUNDLE_IDENTIFIER = salmoneye.Last1;
				PRODUCT_NAME = "$(TARGET_NAME)";
				STRING_CATALOG_GENERATE_SYMBOLS = YES;
				SWIFT_APPROACHABLE_CONCURRENCY = YES;
				SWIFT_DEFAULT_ACTOR_ISOLATION = MainActor;
				SWIFT_EMIT_LOC_STRINGS = YES;
				SWIFT_UPCOMING_FEATURE_MEMBER_IMPORT_VISIBILITY = YES;
				SWIFT_VERSION = 5.0;
				TARGETED_DEVICE_FAMILY = "1,2";
			};
			name = Release;
		};
		563301102F4AD79F005CA761 /* Debug */ = {
			isa = XCBuildConfiguration;
			buildSettings = {
				BUNDLE_LOADER = "$(TEST_HOST)";
				CODE_SIGN_STYLE = Automatic;
				CURRENT_PROJECT_VERSION = 1;
				DEVELOPMENT_TEAM = YVURVV3DWV;
				GENERATE_INFOPLIST_FILE = YES;
				IPHONEOS_DEPLOYMENT_TARGET = 26.2;
				MARKETING_VERSION = 1.0;
				PRODUCT_BUNDLE_IDENTIFIER = salmoneye.Last1Tests;
				PRODUCT_NAME = "$(TARGET_NAME)";
				STRING_CATALOG_GENERATE_SYMBOLS = NO;
				SWIFT_APPROACHABLE_CONCURRENCY = YES;
				SWIFT_EMIT_LOC_STRINGS = NO;
				SWIFT_UPCOMING_FEATURE_MEMBER_IMPORT_VISIBILITY = YES;
				SWIFT_VERSION = 5.0;
				TARGETED_DEVICE_FAMILY = "1,2";
				TEST_HOST = "$(BUILT_PRODUCTS_DIR)/Last1.app/$(BUNDLE_EXECUTABLE_FOLDER_PATH)/Last1";
			};
			name = Debug;
		};
		563301112F4AD79F005CA761 /* Release */ = {
			isa = XCBuildConfiguration;
			buildSettings = {
				BUNDLE_LOADER = "$(TEST_HOST)";
				CODE_SIGN_STYLE = Automatic;
				CURRENT_PROJECT_VERSION = 1;
				DEVELOPMENT_TEAM = YVURVV3DWV;
				GENERATE_INFOPLIST_FILE = YES;
				IPHONEOS_DEPLOYMENT_TARGET = 26.2;
				MARKETING_VERSION = 1.0;
				PRODUCT_BUNDLE_IDENTIFIER = salmoneye.Last1Tests;
				PRODUCT_NAME = "$(TARGET_NAME)";
				STRING_CATALOG_GENERATE_SYMBOLS = NO;
				SWIFT_APPROACHABLE_CONCURRENCY = YES;
				SWIFT_EMIT_LOC_STRINGS = NO;
				SWIFT_UPCOMING_FEATURE_MEMBER_IMPORT_VISIBILITY = YES;
				SWIFT_VERSION = 5.0;
				TARGETED_DEVICE_FAMILY = "1,2";
				TEST_HOST = "$(BUILT_PRODUCTS_DIR)/Last1.app/$(BUNDLE_EXECUTABLE_FOLDER_PATH)/Last1";
			};
			name = Release;
		};
		563301132F4AD79F005CA761 /* Debug */ = {
			isa = XCBuildConfiguration;
			buildSettings = {
				CODE_SIGN_STYLE = Automatic;
				CURRENT_PROJECT_VERSION = 1;
				DEVELOPMENT_TEAM = YVURVV3DWV;
				GENERATE_INFOPLIST_FILE = YES;
				MARKETING_VERSION = 1.0;
				PRODUCT_BUNDLE_IDENTIFIER = salmoneye.Last1UITests;
				PRODUCT_NAME = "$(TARGET_NAME)";
				STRING_CATALOG_GENERATE_SYMBOLS = NO;
				SWIFT_APPROACHABLE_CONCURRENCY = YES;
				SWIFT_EMIT_LOC_STRINGS = NO;
				SWIFT_UPCOMING_FEATURE_MEMBER_IMPORT_VISIBILITY = YES;
				SWIFT_VERSION = 5.0;
				TARGETED_DEVICE_FAMILY = "1,2";
				TEST_TARGET_NAME = Last1;
			};
			name = Debug;
		};
		563301142F4AD79F005CA761 /* Release */ = {
			isa = XCBuildConfiguration;
			buildSettings = {
				CODE_SIGN_STYLE = Automatic;
				CURRENT_PROJECT_VERSION = 1;
				DEVELOPMENT_TEAM = YVURVV3DWV;
				GENERATE_INFOPLIST_FILE = YES;
				MARKETING_VERSION = 1.0;
				PRODUCT_BUNDLE_IDENTIFIER = salmoneye.Last1UITests;
				PRODUCT_NAME = "$(TARGET_NAME)";
				STRING_CATALOG_GENERATE_SYMBOLS = NO;
				SWIFT_APPROACHABLE_CONCURRENCY = YES;
				SWIFT_EMIT_LOC_STRINGS = NO;
				SWIFT_UPCOMING_FEATURE_MEMBER_IMPORT_VISIBILITY = YES;
				SWIFT_VERSION = 5.0;
				TARGETED_DEVICE_FAMILY = "1,2";
				TEST_TARGET_NAME = Last1;
			};
			name = Release;
		};
/* End XCBuildConfiguration section */

/* Begin XCConfigurationList section */
		563300E62F4AD79E005CA761 /* Build configuration list for PBXProject "Last1" */ = {
			isa = XCConfigurationList;
			buildConfigurations = (
				5633010A2F4AD79F005CA761 /* Debug */,
				5633010B2F4AD79F005CA761 /* Release */,
			);
			defaultConfigurationIsVisible = 0;
			defaultConfigurationName = Release;
		};
		5633010C2F4AD79F005CA761 /* Build configuration list for PBXNativeTarget "Last1" */ = {
			isa = XCConfigurationList;
			buildConfigurations = (
				5633010D2F4AD79F005CA761 /* Debug */,
				5633010E2F4AD79F005CA761 /* Release */,
			);
			defaultConfigurationIsVisible = 0;
			defaultConfigurationName = Release;
		};
		5633010F2F4AD79F005CA761 /* Build configuration list for PBXNativeTarget "Last1Tests" */ = {
			isa = XCConfigurationList;
			buildConfigurations = (
				563301102F4AD79F005CA761 /* Debug */,
				563301112F4AD79F005CA761 /* Release */,
			);
			defaultConfigurationIsVisible = 0;
			defaultConfigurationName = Release;
		};
		563301122F4AD79F005CA761 /* Build configuration list for PBXNativeTarget "Last1UITests" */ = {
			isa = XCConfigurationList;
			buildConfigurations = (
				563301132F4AD79F005CA761 /* Debug */,
				563301142F4AD79F005CA761 /* Release */,
			);
			defaultConfigurationIsVisible = 0;
			defaultConfigurationName = Release;
		};
/* End XCConfigurationList section */

/* Begin XCRemoteSwiftPackageReference section */
		563301152F4AD850005CA761 /* XCRemoteSwiftPackageReference "supabase-swift" */ = {
			isa = XCRemoteSwiftPackageReference;
			repositoryURL = "https://github.com/supabase/supabase-swift";
			requirement = {
				kind = upToNextMajorVersion;
				minimumVersion = 2.5.1;
			};
		};
		563CB3362F54A59500AD7DE6 /* XCRemoteSwiftPackageReference "GoogleSignIn-iOS" */ = {
			isa = XCRemoteSwiftPackageReference;
			repositoryURL = "https://github.com/google/GoogleSignIn-iOS";
			requirement = {
				kind = upToNextMajorVersion;
				minimumVersion = 9.1.0;
			};
		};
/* End XCRemoteSwiftPackageReference section */

/* Begin XCSwiftPackageProductDependency section */
		563301162F4AD850005CA761 /* Auth */ = {
			isa = XCSwiftPackageProductDependency;
			package = 563301152F4AD850005CA761 /* XCRemoteSwiftPackageReference "supabase-swift" */;
			productName = Auth;
		};
		563301182F4AD850005CA761 /* Functions */ = {
			isa = XCSwiftPackageProductDependency;
			package = 563301152F4AD850005CA761 /* XCRemoteSwiftPackageReference "supabase-swift" */;
			productName = Functions;
		};
		5633011A2F4AD850005CA761 /* PostgREST */ = {
			isa = XCSwiftPackageProductDependency;
			package = 563301152F4AD850005CA761 /* XCRemoteSwiftPackageReference "supabase-swift" */;
			productName = PostgREST;
		};
		5633011C2F4AD850005CA761 /* Realtime */ = {
			isa = XCSwiftPackageProductDependency;
			package = 563301152F4AD850005CA761 /* XCRemoteSwiftPackageReference "supabase-swift" */;
			productName = Realtime;
		};
		5633011E2F4AD850005CA761 /* Storage */ = {
			isa = XCSwiftPackageProductDependency;
			package = 563301152F4AD850005CA761 /* XCRemoteSwiftPackageReference "supabase-swift" */;
			productName = Storage;
		};
		563301202F4AD850005CA761 /* Supabase */ = {
			isa = XCSwiftPackageProductDependency;
			package = 563301152F4AD850005CA761 /* XCRemoteSwiftPackageReference "supabase-swift" */;
			productName = Supabase;
		};
		563CB3372F54A59500AD7DE6 /* GoogleSignIn */ = {
			isa = XCSwiftPackageProductDependency;
			package = 563CB3362F54A59500AD7DE6 /* XCRemoteSwiftPackageReference "GoogleSignIn-iOS" */;
			productName = GoogleSignIn;
		};
		563CB3392F54A59500AD7DE6 /* GoogleSignInSwift */ = {
			isa = XCSwiftPackageProductDependency;
			package = 563CB3362F54A59500AD7DE6 /* XCRemoteSwiftPackageReference "GoogleSignIn-iOS" */;
			productName = GoogleSignInSwift;
		};
/* End XCSwiftPackageProductDependency section */
	};
	rootObject = 563300E32F4AD79E005CA761 /* Project object */;
}
